
Microsoft Visual Studio Solution File, Format Version 12.00
# Visual Studio Version 17
VisualStudioVersion = 17.0.31903.59
MinimumVisualStudioVersion = 10.0.40219.1
Project("{F2A71F9B-5D33-465A-A702-920D77279786}") = "day01", "day01\day01.fsproj", "{FC971C54-9FCF-4CC8-96BF-C274876C3F91}"
EndProject
Project("{F2A71F9B-5D33-465A-A702-920D77279786}") = "day02", "day02\day02.fsproj", "{0EE16660-48E6-422F-B4F2-C7BA721922FE}"
EndProject
Project("{F2A71F9B-5D33-465A-A702-920D77279786}") = "day03", "day03\day03.fsproj", "{132913ED-3A70-4EBE-993D-61DBD35B30B3}"
EndProject
Project("{F2A71F9B-5D33-465A-A702-920D77279786}") = "day04", "day04\day04.fsproj", "{CD12FB90-9650-4C36-A0FB-F03ECFC8D686}"
EndProject
Project("{F2A71F9B-5D33-465A-A702-920D77279786}") = "day05", "day05\day05.fsproj", "{A178CED4-1542-451D-95F1-C11EAABB7225}"
EndProject
Project("{F2A71F9B-5D33-465A-A702-920D77279786}") = "day06", "day06\day06.fsproj", "{3F0838A6-EA96-4D61-9924-259A7C8D3D69}"
EndProject
Project("{F2A71F9B-5D33-465A-A702-920D77279786}") = "day07", "day07\day07.fsproj", "{474CFCB7-C030-4878-A94B-C9E4CE7925D3}"
EndProject
Project("{F2A71F9B-5D33-465A-A702-920D77279786}") = "day08", "day08\day08.fsproj", "{8AA66BB2-FE15-4F53-BEA6-32996100935A}"
EndProject
Global
	GlobalSection(SolutionConfigurationPlatforms) = preSolution
		Debug|Any CPU = Debug|Any CPU
		Release|Any CPU = Release|Any CPU
	EndGlobalSection
	GlobalSection(SolutionProperties) = preSolution
		HideSolutionNode = FALSE
	EndGlobalSection
	GlobalSection(ProjectConfigurationPlatforms) = postSolution
		{FC971C54-9FCF-4CC8-96BF-C274876C3F91}.Debug|Any CPU.ActiveCfg = Debug|Any CPU
		{FC971C54-9FCF-4CC8-96BF-C274876C3F91}.Debug|Any CPU.Build.0 = Debug|Any CPU
		{FC971C54-9FCF-4CC8-96BF-C274876C3F91}.Release|Any CPU.ActiveCfg = Release|Any CPU
		{FC971C54-9FCF-4CC8-96BF-C274876C3F91}.Release|Any CPU.Build.0 = Release|Any CPU
		{0EE16660-48E6-422F-B4F2-C7BA721922FE}.Debug|Any CPU.ActiveCfg = Debug|Any CPU
		{0EE16660-48E6-422F-B4F2-C7BA721922FE}.Debug|Any CPU.Build.0 = Debug|Any CPU
		{0EE16660-48E6-422F-B4F2-C7BA721922FE}.Release|Any CPU.ActiveCfg = Release|Any CPU
		{0EE16660-48E6-422F-B4F2-C7BA721922FE}.Release|Any CPU.Build.0 = Release|Any CPU
		{132913ED-3A70-4EBE-993D-61DBD35B30B3}.Debug|Any CPU.ActiveCfg = Debug|Any CPU
		{132913ED-3A70-4EBE-993D-61DBD35B30B3}.Debug|Any CPU.Build.0 = Debug|Any CPU
		{132913ED-3A70-4EBE-993D-61DBD35B30B3}.Release|Any CPU.ActiveCfg = Release|Any CPU
		{132913ED-3A70-4EBE-993D-61DBD35B30B3}.Release|Any CPU.Build.0 = Release|Any CPU
		{CD12FB90-9650-4C36-A0FB-F03ECFC8D686}.Debug|Any CPU.ActiveCfg = Debug|Any CPU
		{CD12FB90-9650-4C36-A0FB-F03ECFC8D686}.Debug|Any CPU.Build.0 = Debug|Any CPU
		{CD12FB90-9650-4C36-A0FB-F03ECFC8D686}.Release|Any CPU.ActiveCfg = Release|Any CPU
		{CD12FB90-9650-4C36-A0FB-F03ECFC8D686}.Release|Any CPU.Build.0 = Release|Any CPU
		{A178CED4-1542-451D-95F1-C11EAABB7225}.Debug|Any CPU.ActiveCfg = Debug|Any CPU
		{A178CED4-1542-451D-95F1-C11EAABB7225}.Debug|Any CPU.Build.0 = Debug|Any CPU
		{A178CED4-1542-451D-95F1-C11EAABB7225}.Release|Any CPU.ActiveCfg = Release|Any CPU
		{A178CED4-1542-451D-95F1-C11EAABB7225}.Release|Any CPU.Build.0 = Release|Any CPU
		{3F0838A6-EA96-4D61-9924-259A7C8D3D69}.Debug|Any CPU.ActiveCfg = Debug|Any CPU
		{3F0838A6-EA96-4D61-9924-259A7C8D3D69}.Debug|Any CPU.Build.0 = Debug|Any CPU
		{3F0838A6-EA96-4D61-9924-259A7C8D3D69}.Release|Any CPU.ActiveCfg = Release|Any CPU
		{3F0838A6-EA96-4D61-9924-259A7C8D3D69}.Release|Any CPU.Build.0 = Release|Any CPU
		{474CFCB7-C030-4878-A94B-C9E4CE7925D3}.Debug|Any CPU.ActiveCfg = Debug|Any CPU
		{474CFCB7-C030-4878-A94B-C9E4CE7925D3}.Debug|Any CPU.Build.0 = Debug|Any CPU
		{474CFCB7-C030-4878-A94B-C9E4CE7925D3}.Release|Any CPU.ActiveCfg = Release|Any CPU
		{474CFCB7-C030-4878-A94B-C9E4CE7925D3}.Release|Any CPU.Build.0 = Release|Any CPU
		{8AA66BB2-FE15-4F53-BEA6-32996100935A}.Debug|Any CPU.ActiveCfg = Debug|Any CPU
		{8AA66BB2-FE15-4F53-BEA6-32996100935A}.Debug|Any CPU.Build.0 = Debug|Any CPU
		{8AA66BB2-FE15-4F53-BEA6-32996100935A}.Release|Any CPU.ActiveCfg = Release|Any CPU
		{8AA66BB2-FE15-4F53-BEA6-32996100935A}.Release|Any CPU.Build.0 = Release|Any CPU
	EndGlobalSection
EndGlobal
