
Microsoft Visual Studio Solution File, Format Version 12.00
# Visual Studio Version 17
VisualStudioVersion = 17.0.31903.59
MinimumVisualStudioVersion = 10.0.40219.1
Project("{F2A71F9B-5D33-465A-A702-920D77279786}") = "day01", "day01\day01.fsproj", "{FC971C54-9FCF-4CC8-96BF-C274876C3F91}"
EndProject
Project("{F2A71F9B-5D33-465A-A702-920D77279786}") = "day02", "day02\day02.fsproj", "{0EE16660-48E6-422F-B4F2-C7BA721922FE}"
EndProject
Project("{F2A71F9B-5D33-465A-A702-920D77279786}") = "day03", "day03\day03.fsproj", "{132913ED-3A70-4EBE-993D-61DBD35B30B3}"
EndProject
Project("{F2A71F9B-5D33-465A-A702-920D77279786}") = "day04", "day04\day04.fsproj", "{CD12FB90-9650-4C36-A0FB-F03ECFC8D686}"
EndProject
Project("{F2A71F9B-5D33-465A-A702-920D77279786}") = "day05", "day05\day05.fsproj", "{A178CED4-1542-451D-95F1-C11EAABB7225}"
EndProject
Project("{F2A71F9B-5D33-465A-A702-920D77279786}") = "day06", "day06\day06.fsproj", "{3F0838A6-EA96-4D61-9924-259A7C8D3D69}"
EndProject
Project("{F2A71F9B-5D33-465A-A702-920D77279786}") = "day07", "day07\day07.fsproj", "{474CFCB7-C030-4878-A94B-C9E4CE7925D3}"
EndProject
Project("{F2A71F9B-5D33-465A-A702-920D77279786}") = "day08", "day08\day08.fsproj", "{8AA66BB2-FE15-4F53-BEA6-32996100935A}"
EndProject
Project("{F2A71F9B-5D33-465A-A702-920D77279786}") = "day09", "day09\day09.fsproj", "{BBD36E8B-80A4-4376-B3D1-CCC3B1639D9B}"
EndProject
Project("{F2A71F9B-5D33-465A-A702-920D77279786}") = "day10", "day10\day10.fsproj", "{F64AF446-370E-463E-8E23-4F4096227CCD}"
EndProject
Project("{F2A71F9B-5D33-465A-A702-920D77279786}") = "day11", "day11\day11.fsproj", "{D0B6B898-C85A-461D-A0ED-E8208261EBD3}"
EndProject
Project("{F2A71F9B-5D33-465A-A702-920D77279786}") = "day12", "day12\day12.fsproj", "{4B359694-86F6-4EE4-968B-01FD1B2AC0FA}"
EndProject
Project("{F2A71F9B-5D33-465A-A702-920D77279786}") = "day13", "day13\day13.fsproj", "{49D029BA-CE8C-4A18-9803-F16E28392B66}"
EndProject
Project("{F2A71F9B-5D33-465A-A702-920D77279786}") = "day14", "day14\day14.fsproj", "{C50EE0A2-B8C7-49D9-ABE6-B437887B6969}"
EndProject
Project("{F2A71F9B-5D33-465A-A702-920D77279786}") = "day15", "day15\day15.fsproj", "{A5F54E3D-EE26-4E64-835C-BBF74A6CA2E4}"
EndProject
Project("{F2A71F9B-5D33-465A-A702-920D77279786}") = "day16", "day16\day16.fsproj", "{26A29FBE-121A-4C76-A93D-EE8C89AB1161}"
EndProject
Project("{F2A71F9B-5D33-465A-A702-920D77279786}") = "day17", "day17\day17.fsproj", "{9D8D74FF-4D05-4896-9C88-A7E1E50CC404}"
EndProject
Project("{F2A71F9B-5D33-465A-A702-920D77279786}") = "day18", "day18\day18.fsproj", "{5A9D4D74-A911-477A-8F7E-E33B9F76CF03}"
EndProject
Project("{F2A71F9B-5D33-465A-A702-920D77279786}") = "day19", "day19\day19.fsproj", "{3B518EC4-804F-473E-A62D-7E7B0307859E}"
EndProject
Project("{F2A71F9B-5D33-465A-A702-920D77279786}") = "day20", "day20\day20.fsproj", "{268557EC-A6DF-480C-801D-943A58A594A5}"
EndProject
Project("{F2A71F9B-5D33-465A-A702-920D77279786}") = "day21", "day21\day21.fsproj", "{B532F043-9704-4C38-9E6D-1C497DDCB4BE}"
EndProject
Global
	GlobalSection(SolutionConfigurationPlatforms) = preSolution
		Debug|Any CPU = Debug|Any CPU
		Release|Any CPU = Release|Any CPU
	EndGlobalSection
	GlobalSection(SolutionProperties) = preSolution
		HideSolutionNode = FALSE
	EndGlobalSection
	GlobalSection(ProjectConfigurationPlatforms) = postSolution
		{FC971C54-9FCF-4CC8-96BF-C274876C3F91}.Debug|Any CPU.ActiveCfg = Debug|Any CPU
		{FC971C54-9FCF-4CC8-96BF-C274876C3F91}.Debug|Any CPU.Build.0 = Debug|Any CPU
		{FC971C54-9FCF-4CC8-96BF-C274876C3F91}.Release|Any CPU.ActiveCfg = Release|Any CPU
		{FC971C54-9FCF-4CC8-96BF-C274876C3F91}.Release|Any CPU.Build.0 = Release|Any CPU
		{0EE16660-48E6-422F-B4F2-C7BA721922FE}.Debug|Any CPU.ActiveCfg = Debug|Any CPU
		{0EE16660-48E6-422F-B4F2-C7BA721922FE}.Debug|Any CPU.Build.0 = Debug|Any CPU
		{0EE16660-48E6-422F-B4F2-C7BA721922FE}.Release|Any CPU.ActiveCfg = Release|Any CPU
		{0EE16660-48E6-422F-B4F2-C7BA721922FE}.Release|Any CPU.Build.0 = Release|Any CPU
		{132913ED-3A70-4EBE-993D-61DBD35B30B3}.Debug|Any CPU.ActiveCfg = Debug|Any CPU
		{132913ED-3A70-4EBE-993D-61DBD35B30B3}.Debug|Any CPU.Build.0 = Debug|Any CPU
		{132913ED-3A70-4EBE-993D-61DBD35B30B3}.Release|Any CPU.ActiveCfg = Release|Any CPU
		{132913ED-3A70-4EBE-993D-61DBD35B30B3}.Release|Any CPU.Build.0 = Release|Any CPU
		{CD12FB90-9650-4C36-A0FB-F03ECFC8D686}.Debug|Any CPU.ActiveCfg = Debug|Any CPU
		{CD12FB90-9650-4C36-A0FB-F03ECFC8D686}.Debug|Any CPU.Build.0 = Debug|Any CPU
		{CD12FB90-9650-4C36-A0FB-F03ECFC8D686}.Release|Any CPU.ActiveCfg = Release|Any CPU
		{CD12FB90-9650-4C36-A0FB-F03ECFC8D686}.Release|Any CPU.Build.0 = Release|Any CPU
		{A178CED4-1542-451D-95F1-C11EAABB7225}.Debug|Any CPU.ActiveCfg = Debug|Any CPU
		{A178CED4-1542-451D-95F1-C11EAABB7225}.Debug|Any CPU.Build.0 = Debug|Any CPU
		{A178CED4-1542-451D-95F1-C11EAABB7225}.Release|Any CPU.ActiveCfg = Release|Any CPU
		{A178CED4-1542-451D-95F1-C11EAABB7225}.Release|Any CPU.Build.0 = Release|Any CPU
		{3F0838A6-EA96-4D61-9924-259A7C8D3D69}.Debug|Any CPU.ActiveCfg = Debug|Any CPU
		{3F0838A6-EA96-4D61-9924-259A7C8D3D69}.Debug|Any CPU.Build.0 = Debug|Any CPU
		{3F0838A6-EA96-4D61-9924-259A7C8D3D69}.Release|Any CPU.ActiveCfg = Release|Any CPU
		{3F0838A6-EA96-4D61-9924-259A7C8D3D69}.Release|Any CPU.Build.0 = Release|Any CPU
		{474CFCB7-C030-4878-A94B-C9E4CE7925D3}.Debug|Any CPU.ActiveCfg = Debug|Any CPU
		{474CFCB7-C030-4878-A94B-C9E4CE7925D3}.Debug|Any CPU.Build.0 = Debug|Any CPU
		{474CFCB7-C030-4878-A94B-C9E4CE7925D3}.Release|Any CPU.ActiveCfg = Release|Any CPU
		{474CFCB7-C030-4878-A94B-C9E4CE7925D3}.Release|Any CPU.Build.0 = Release|Any CPU
		{8AA66BB2-FE15-4F53-BEA6-32996100935A}.Debug|Any CPU.ActiveCfg = Debug|Any CPU
		{8AA66BB2-FE15-4F53-BEA6-32996100935A}.Debug|Any CPU.Build.0 = Debug|Any CPU
		{8AA66BB2-FE15-4F53-BEA6-32996100935A}.Release|Any CPU.ActiveCfg = Release|Any CPU
		{8AA66BB2-FE15-4F53-BEA6-32996100935A}.Release|Any CPU.Build.0 = Release|Any CPU
		{BBD36E8B-80A4-4376-B3D1-CCC3B1639D9B}.Debug|Any CPU.ActiveCfg = Debug|Any CPU
		{BBD36E8B-80A4-4376-B3D1-CCC3B1639D9B}.Debug|Any CPU.Build.0 = Debug|Any CPU
		{BBD36E8B-80A4-4376-B3D1-CCC3B1639D9B}.Release|Any CPU.ActiveCfg = Release|Any CPU
		{BBD36E8B-80A4-4376-B3D1-CCC3B1639D9B}.Release|Any CPU.Build.0 = Release|Any CPU
		{F64AF446-370E-463E-8E23-4F4096227CCD}.Debug|Any CPU.ActiveCfg = Debug|Any CPU
		{F64AF446-370E-463E-8E23-4F4096227CCD}.Debug|Any CPU.Build.0 = Debug|Any CPU
		{F64AF446-370E-463E-8E23-4F4096227CCD}.Release|Any CPU.ActiveCfg = Release|Any CPU
		{F64AF446-370E-463E-8E23-4F4096227CCD}.Release|Any CPU.Build.0 = Release|Any CPU
		{D0B6B898-C85A-461D-A0ED-E8208261EBD3}.Debug|Any CPU.ActiveCfg = Debug|Any CPU
		{D0B6B898-C85A-461D-A0ED-E8208261EBD3}.Debug|Any CPU.Build.0 = Debug|Any CPU
		{D0B6B898-C85A-461D-A0ED-E8208261EBD3}.Release|Any CPU.ActiveCfg = Release|Any CPU
		{D0B6B898-C85A-461D-A0ED-E8208261EBD3}.Release|Any CPU.Build.0 = Release|Any CPU
		{4B359694-86F6-4EE4-968B-01FD1B2AC0FA}.Debug|Any CPU.ActiveCfg = Debug|Any CPU
		{4B359694-86F6-4EE4-968B-01FD1B2AC0FA}.Debug|Any CPU.Build.0 = Debug|Any CPU
		{4B359694-86F6-4EE4-968B-01FD1B2AC0FA}.Release|Any CPU.ActiveCfg = Release|Any CPU
		{4B359694-86F6-4EE4-968B-01FD1B2AC0FA}.Release|Any CPU.Build.0 = Release|Any CPU
		{49D029BA-CE8C-4A18-9803-F16E28392B66}.Debug|Any CPU.ActiveCfg = Debug|Any CPU
		{49D029BA-CE8C-4A18-9803-F16E28392B66}.Debug|Any CPU.Build.0 = Debug|Any CPU
		{49D029BA-CE8C-4A18-9803-F16E28392B66}.Release|Any CPU.ActiveCfg = Release|Any CPU
		{49D029BA-CE8C-4A18-9803-F16E28392B66}.Release|Any CPU.Build.0 = Release|Any CPU
		{C50EE0A2-B8C7-49D9-ABE6-B437887B6969}.Debug|Any CPU.ActiveCfg = Debug|Any CPU
		{C50EE0A2-B8C7-49D9-ABE6-B437887B6969}.Debug|Any CPU.Build.0 = Debug|Any CPU
		{C50EE0A2-B8C7-49D9-ABE6-B437887B6969}.Release|Any CPU.ActiveCfg = Release|Any CPU
		{C50EE0A2-B8C7-49D9-ABE6-B437887B6969}.Release|Any CPU.Build.0 = Release|Any CPU
		{A5F54E3D-EE26-4E64-835C-BBF74A6CA2E4}.Debug|Any CPU.ActiveCfg = Debug|Any CPU
		{A5F54E3D-EE26-4E64-835C-BBF74A6CA2E4}.Debug|Any CPU.Build.0 = Debug|Any CPU
		{A5F54E3D-EE26-4E64-835C-BBF74A6CA2E4}.Release|Any CPU.ActiveCfg = Release|Any CPU
		{A5F54E3D-EE26-4E64-835C-BBF74A6CA2E4}.Release|Any CPU.Build.0 = Release|Any CPU
		{26A29FBE-121A-4C76-A93D-EE8C89AB1161}.Debug|Any CPU.ActiveCfg = Debug|Any CPU
		{26A29FBE-121A-4C76-A93D-EE8C89AB1161}.Debug|Any CPU.Build.0 = Debug|Any CPU
		{26A29FBE-121A-4C76-A93D-EE8C89AB1161}.Release|Any CPU.ActiveCfg = Release|Any CPU
		{26A29FBE-121A-4C76-A93D-EE8C89AB1161}.Release|Any CPU.Build.0 = Release|Any CPU
		{9D8D74FF-4D05-4896-9C88-A7E1E50CC404}.Debug|Any CPU.ActiveCfg = Debug|Any CPU
		{9D8D74FF-4D05-4896-9C88-A7E1E50CC404}.Debug|Any CPU.Build.0 = Debug|Any CPU
		{9D8D74FF-4D05-4896-9C88-A7E1E50CC404}.Release|Any CPU.ActiveCfg = Release|Any CPU
		{9D8D74FF-4D05-4896-9C88-A7E1E50CC404}.Release|Any CPU.Build.0 = Release|Any CPU
		{5A9D4D74-A911-477A-8F7E-E33B9F76CF03}.Debug|Any CPU.ActiveCfg = Debug|Any CPU
		{5A9D4D74-A911-477A-8F7E-E33B9F76CF03}.Debug|Any CPU.Build.0 = Debug|Any CPU
		{5A9D4D74-A911-477A-8F7E-E33B9F76CF03}.Release|Any CPU.ActiveCfg = Release|Any CPU
		{5A9D4D74-A911-477A-8F7E-E33B9F76CF03}.Release|Any CPU.Build.0 = Release|Any CPU
		{3B518EC4-804F-473E-A62D-7E7B0307859E}.Debug|Any CPU.ActiveCfg = Debug|Any CPU
		{3B518EC4-804F-473E-A62D-7E7B0307859E}.Debug|Any CPU.Build.0 = Debug|Any CPU
		{3B518EC4-804F-473E-A62D-7E7B0307859E}.Release|Any CPU.ActiveCfg = Release|Any CPU
		{3B518EC4-804F-473E-A62D-7E7B0307859E}.Release|Any CPU.Build.0 = Release|Any CPU
		{268557EC-A6DF-480C-801D-943A58A594A5}.Debug|Any CPU.ActiveCfg = Debug|Any CPU
		{268557EC-A6DF-480C-801D-943A58A594A5}.Debug|Any CPU.Build.0 = Debug|Any CPU
		{268557EC-A6DF-480C-801D-943A58A594A5}.Release|Any CPU.ActiveCfg = Release|Any CPU
		{268557EC-A6DF-480C-801D-943A58A594A5}.Release|Any CPU.Build.0 = Release|Any CPU
		{B532F043-9704-4C38-9E6D-1C497DDCB4BE}.Debug|Any CPU.ActiveCfg = Debug|Any CPU
		{B532F043-9704-4C38-9E6D-1C497DDCB4BE}.Debug|Any CPU.Build.0 = Debug|Any CPU
		{B532F043-9704-4C38-9E6D-1C497DDCB4BE}.Release|Any CPU.ActiveCfg = Release|Any CPU
		{B532F043-9704-4C38-9E6D-1C497DDCB4BE}.Release|Any CPU.Build.0 = Release|Any CPU
	EndGlobalSection
EndGlobal
